
Microsoft Visual Studio Solution File, Format Version 12.00
# Visual Studio Version 16
VisualStudioVersion = 16.0.30114.105
MinimumVisualStudioVersion = 10.0.40219.1
Project("{9A19103F-16F7-4668-BE54-9A1E7A4F7556}") = "ITAcademy.TaskTwo.Web", "ITAcademy.TaskTwo.Web\ITAcademy.TaskTwo.Web.csproj", "{EA68E6E3-A119-4EF1-94F3-1B5B8CA549EF}"
EndProject
Project("{9A19103F-16F7-4668-BE54-9A1E7A4F7556}") = "ITAcademy.TaskTwo.Logic", "ITAcademy.TaskTwo.Logic\ITAcademy.TaskTwo.Logic.csproj", "{EEBE5540-5FE6-46BF-B4C5-C02286B0C274}"
EndProject
Project("{9A19103F-16F7-4668-BE54-9A1E7A4F7556}") = "ITAcademy.TaskTwo.Data", "ITAcademy.TaskTwo.Data\ITAcademy.TaskTwo.Data.csproj", "{32E04493-37E7-454B-99AA-B747D44F10C8}"
EndProject
Project("{9A19103F-16F7-4668-BE54-9A1E7A4F7556}") = "ITAcademy.TaskTwo.Tests", "ITAcademy.TaskTwo.Tests\ITAcademy.TaskTwo.Tests.csproj", "{44CA5E0F-6AD2-4DE5-902E-C87A5B4D33EF}"
EndProject
Global
	GlobalSection(SolutionConfigurationPlatforms) = preSolution
		Debug|Any CPU = Debug|Any CPU
		Release|Any CPU = Release|Any CPU
	EndGlobalSection
	GlobalSection(ProjectConfigurationPlatforms) = postSolution
		{EA68E6E3-A119-4EF1-94F3-1B5B8CA549EF}.Debug|Any CPU.ActiveCfg = Debug|Any CPU
		{EA68E6E3-A119-4EF1-94F3-1B5B8CA549EF}.Debug|Any CPU.Build.0 = Debug|Any CPU
		{EA68E6E3-A119-4EF1-94F3-1B5B8CA549EF}.Release|Any CPU.ActiveCfg = Release|Any CPU
		{EA68E6E3-A119-4EF1-94F3-1B5B8CA549EF}.Release|Any CPU.Build.0 = Release|Any CPU
		{EEBE5540-5FE6-46BF-B4C5-C02286B0C274}.Debug|Any CPU.ActiveCfg = Debug|Any CPU
		{EEBE5540-5FE6-46BF-B4C5-C02286B0C274}.Debug|Any CPU.Build.0 = Debug|Any CPU
		{EEBE5540-5FE6-46BF-B4C5-C02286B0C274}.Release|Any CPU.ActiveCfg = Release|Any CPU
		{EEBE5540-5FE6-46BF-B4C5-C02286B0C274}.Release|Any CPU.Build.0 = Release|Any CPU
		{32E04493-37E7-454B-99AA-B747D44F10C8}.Debug|Any CPU.ActiveCfg = Debug|Any CPU
		{32E04493-37E7-454B-99AA-B747D44F10C8}.Debug|Any CPU.Build.0 = Debug|Any CPU
		{32E04493-37E7-454B-99AA-B747D44F10C8}.Release|Any CPU.ActiveCfg = Release|Any CPU
		{32E04493-37E7-454B-99AA-B747D44F10C8}.Release|Any CPU.Build.0 = Release|Any CPU
		{44CA5E0F-6AD2-4DE5-902E-C87A5B4D33EF}.Debug|Any CPU.ActiveCfg = Debug|Any CPU
		{44CA5E0F-6AD2-4DE5-902E-C87A5B4D33EF}.Debug|Any CPU.Build.0 = Debug|Any CPU
		{44CA5E0F-6AD2-4DE5-902E-C87A5B4D33EF}.Release|Any CPU.ActiveCfg = Release|Any CPU
		{44CA5E0F-6AD2-4DE5-902E-C87A5B4D33EF}.Release|Any CPU.Build.0 = Release|Any CPU
	EndGlobalSection
	GlobalSection(SolutionProperties) = preSolution
		HideSolutionNode = FALSE
	EndGlobalSection
	GlobalSection(ExtensibilityGlobals) = postSolution
		SolutionGuid = {DBB4D574-B038-40C2-93BF-D6E752FC2430}
	EndGlobalSection
EndGlobal
