
Microsoft Visual Studio Solution File, Format Version 12.00
# Visual Studio Version 16
VisualStudioVersion = 16.0.32630.194
MinimumVisualStudioVersion = 10.0.40219.1
Project("{9A19103F-16F7-4668-BE54-9A1E7A4F7556}") = "TaskTwo.Data", "TaskTwo.Data\TaskTwo.Data.csproj", "{824D3E92-4726-46F9-9C72-2E39AB6ABC69}"
EndProject
Project("{9A19103F-16F7-4668-BE54-9A1E7A4F7556}") = "TaskTwo.Logic", "TaskTwo.Logic\TaskTwo.Logic.csproj", "{1EC64011-CE6E-4306-B52B-C7BAE8F414FD}"
EndProject
Project("{9A19103F-16F7-4668-BE54-9A1E7A4F7556}") = "TaskTwo.Web", "TaskTwo.Web\TaskTwo.Web.csproj", "{41C798A1-DD4A-40AA-B183-CD9DD8B6587A}"
EndProject
Project("{9A19103F-16F7-4668-BE54-9A1E7A4F7556}") = "TaskTwo.Tests", "TaskTwo.Tests\TaskTwo.Tests.csproj", "{B8F44B6E-D05D-40D5-97BF-748DE465BF28}"
EndProject
Global
	GlobalSection(SolutionConfigurationPlatforms) = preSolution
		Debug|Any CPU = Debug|Any CPU
		Release|Any CPU = Release|Any CPU
	EndGlobalSection
	GlobalSection(ProjectConfigurationPlatforms) = postSolution
		{824D3E92-4726-46F9-9C72-2E39AB6ABC69}.Debug|Any CPU.ActiveCfg = Debug|Any CPU
		{824D3E92-4726-46F9-9C72-2E39AB6ABC69}.Debug|Any CPU.Build.0 = Debug|Any CPU
		{824D3E92-4726-46F9-9C72-2E39AB6ABC69}.Release|Any CPU.ActiveCfg = Release|Any CPU
		{824D3E92-4726-46F9-9C72-2E39AB6ABC69}.Release|Any CPU.Build.0 = Release|Any CPU
		{1EC64011-CE6E-4306-B52B-C7BAE8F414FD}.Debug|Any CPU.ActiveCfg = Debug|Any CPU
		{1EC64011-CE6E-4306-B52B-C7BAE8F414FD}.Debug|Any CPU.Build.0 = Debug|Any CPU
		{1EC64011-CE6E-4306-B52B-C7BAE8F414FD}.Release|Any CPU.ActiveCfg = Release|Any CPU
		{1EC64011-CE6E-4306-B52B-C7BAE8F414FD}.Release|Any CPU.Build.0 = Release|Any CPU
		{41C798A1-DD4A-40AA-B183-CD9DD8B6587A}.Debug|Any CPU.ActiveCfg = Debug|Any CPU
		{41C798A1-DD4A-40AA-B183-CD9DD8B6587A}.Debug|Any CPU.Build.0 = Debug|Any CPU
		{41C798A1-DD4A-40AA-B183-CD9DD8B6587A}.Release|Any CPU.ActiveCfg = Release|Any CPU
		{41C798A1-DD4A-40AA-B183-CD9DD8B6587A}.Release|Any CPU.Build.0 = Release|Any CPU
		{B8F44B6E-D05D-40D5-97BF-748DE465BF28}.Debug|Any CPU.ActiveCfg = Debug|Any CPU
		{B8F44B6E-D05D-40D5-97BF-748DE465BF28}.Debug|Any CPU.Build.0 = Debug|Any CPU
		{B8F44B6E-D05D-40D5-97BF-748DE465BF28}.Release|Any CPU.ActiveCfg = Release|Any CPU
		{B8F44B6E-D05D-40D5-97BF-748DE465BF28}.Release|Any CPU.Build.0 = Release|Any CPU
	EndGlobalSection
	GlobalSection(SolutionProperties) = preSolution
		HideSolutionNode = FALSE
	EndGlobalSection
	GlobalSection(ExtensibilityGlobals) = postSolution
		SolutionGuid = {DBB4D574-B038-40C2-93BF-D6E752FC2430}
	EndGlobalSection
EndGlobal
